// !$*UTF8*$!
{
	archiveVersion = 1;
	classes = {
	};
	objectVersion = 50;
	objects = {

/* Begin PBXBuildFile section */
		1A8F839722E81E2000874FD0 /* AppDelegate.swift in Sources */ = {isa = PBXBuildFile; fileRef = 1A8F839622E81E2000874FD0 /* AppDelegate.swift */; };
		1A8F839922E81E2000874FD0 /* ViewController.swift in Sources */ = {isa = PBXBuildFile; fileRef = 1A8F839822E81E2000874FD0 /* ViewController.swift */; };
		1A8F839C22E81E2000874FD0 /* Main.storyboard in Resources */ = {isa = PBXBuildFile; fileRef = 1A8F839A22E81E2000874FD0 /* Main.storyboard */; };
		1A8F839E22E81E2000874FD0 /* Assets.xcassets in Resources */ = {isa = PBXBuildFile; fileRef = 1A8F839D22E81E2000874FD0 /* Assets.xcassets */; };
		1A8F83A122E81E2000874FD0 /* LaunchScreen.storyboard in Resources */ = {isa = PBXBuildFile; fileRef = 1A8F839F22E81E2000874FD0 /* LaunchScreen.storyboard */; };
		1A8F83AC22E81E2100874FD0 /* carfax_jamesTests.swift in Sources */ = {isa = PBXBuildFile; fileRef = 1A8F83AB22E81E2100874FD0 /* carfax_jamesTests.swift */; };
		1A8F83BE22E8206C00874FD0 /* ErrorResponse.swift in Sources */ = {isa = PBXBuildFile; fileRef = 1A8F83B822E8206C00874FD0 /* ErrorResponse.swift */; };
		1A8F83BF22E8206C00874FD0 /* Endpoints.swift in Sources */ = {isa = PBXBuildFile; fileRef = 1A8F83B922E8206C00874FD0 /* Endpoints.swift */; };
		1A8F83C022E8206C00874FD0 /* ServerAPI.swift in Sources */ = {isa = PBXBuildFile; fileRef = 1A8F83BA22E8206C00874FD0 /* ServerAPI.swift */; };
		1A8F83C122E8206C00874FD0 /* AppService.swift in Sources */ = {isa = PBXBuildFile; fileRef = 1A8F83BB22E8206C00874FD0 /* AppService.swift */; };
		1A8F83C222E8206C00874FD0 /* ServerResponse.swift in Sources */ = {isa = PBXBuildFile; fileRef = 1A8F83BC22E8206C00874FD0 /* ServerResponse.swift */; };
		1A8F83C322E8206C00874FD0 /* URLSession.swift in Sources */ = {isa = PBXBuildFile; fileRef = 1A8F83BD22E8206C00874FD0 /* URLSession.swift */; };
		1AF9A8AB22E8228F009B24C7 /* NullResponse.swift in Sources */ = {isa = PBXBuildFile; fileRef = 1AF9A8AA22E8228F009B24C7 /* NullResponse.swift */; };
		1AF9A8AE22E8234B009B24C7 /* JSONDecoding.swift in Sources */ = {isa = PBXBuildFile; fileRef = 1AF9A8AD22E8234B009B24C7 /* JSONDecoding.swift */; };
		1AF9A8B322E823BB009B24C7 /* Dictionary.swift in Sources */ = {isa = PBXBuildFile; fileRef = 1AF9A8B222E823BB009B24C7 /* Dictionary.swift */; };
		1AF9A8B522E825D4009B24C7 /* ListingsInformationResponse.swift in Sources */ = {isa = PBXBuildFile; fileRef = 1AF9A8B422E825D4009B24C7 /* ListingsInformationResponse.swift */; };
		1AF9A8B722E8264B009B24C7 /* ListingResponse.swift in Sources */ = {isa = PBXBuildFile; fileRef = 1AF9A8B622E8264B009B24C7 /* ListingResponse.swift */; };
		1AF9A8B922E82828009B24C7 /* ImagesResponse.swift in Sources */ = {isa = PBXBuildFile; fileRef = 1AF9A8B822E82828009B24C7 /* ImagesResponse.swift */; };
		1AF9A8BB22E829C6009B24C7 /* DealerResponse.swift in Sources */ = {isa = PBXBuildFile; fileRef = 1AF9A8BA22E829C6009B24C7 /* DealerResponse.swift */; };
		1AF9A8C122E82AFA009B24C7 /* ListingObjectStore.swift in Sources */ = {isa = PBXBuildFile; fileRef = 1AF9A8C022E82AFA009B24C7 /* ListingObjectStore.swift */; };
		1AF9A8C322E82B2D009B24C7 /* ListingInformation.swift in Sources */ = {isa = PBXBuildFile; fileRef = 1AF9A8C222E82B2D009B24C7 /* ListingInformation.swift */; };
		1AF9A8C522E82B34009B24C7 /* Listing.swift in Sources */ = {isa = PBXBuildFile; fileRef = 1AF9A8C422E82B34009B24C7 /* Listing.swift */; };
		1AF9A8C722E82B42009B24C7 /* Images.swift in Sources */ = {isa = PBXBuildFile; fileRef = 1AF9A8C622E82B42009B24C7 /* Images.swift */; };
		1AF9A8C922E82B4E009B24C7 /* Dealer.swift in Sources */ = {isa = PBXBuildFile; fileRef = 1AF9A8C822E82B4E009B24C7 /* Dealer.swift */; };
		1AF9A8CC22E8303E009B24C7 /* ListingDataSource.swift in Sources */ = {isa = PBXBuildFile; fileRef = 1AF9A8CB22E8303E009B24C7 /* ListingDataSource.swift */; };
		1AF9A8CE22E83319009B24C7 /* CurrentEnvironment.swift in Sources */ = {isa = PBXBuildFile; fileRef = 1AF9A8CD22E83319009B24C7 /* CurrentEnvironment.swift */; };
		1AF9A8D022E83359009B24C7 /* AppEnvironment.swift in Sources */ = {isa = PBXBuildFile; fileRef = 1AF9A8CF22E83359009B24C7 /* AppEnvironment.swift */; };
		1AF9A8D222E83383009B24C7 /* EnvironmentSecrets.swift in Sources */ = {isa = PBXBuildFile; fileRef = 1AF9A8D122E83383009B24C7 /* EnvironmentSecrets.swift */; };
		1AF9A8DA22E8B50E009B24C7 /* UIColor+Utilities.swift in Sources */ = {isa = PBXBuildFile; fileRef = 1AF9A8D922E8B50E009B24C7 /* UIColor+Utilities.swift */; };
		1AF9A8DE22E8B5C0009B24C7 /* UIColor+Carfax.swift in Sources */ = {isa = PBXBuildFile; fileRef = 1AF9A8DD22E8B5C0009B24C7 /* UIColor+Carfax.swift */; };
		1AF9A8F322E8D035009B24C7 /* CarfaxAnimatableImageView.swift in Sources */ = {isa = PBXBuildFile; fileRef = 1AF9A8F222E8D035009B24C7 /* CarfaxAnimatableImageView.swift */; };
		1AF9A8F722E8D9B2009B24C7 /* Assets.xcassets in Resources */ = {isa = PBXBuildFile; fileRef = 1AF9A8F622E8D9B2009B24C7 /* Assets.xcassets */; };
		1AF9A8FA22E8DB87009B24C7 /* UIImage+Icons.swift in Sources */ = {isa = PBXBuildFile; fileRef = 1AF9A8F922E8DB87009B24C7 /* UIImage+Icons.swift */; };
		BAB9F1FB88917FC89C77B9C0 /* Pods_carfax_james.framework in Frameworks */ = {isa = PBXBuildFile; fileRef = F4491A5F88B44D6FEDA674AF /* Pods_carfax_james.framework */; };
/* End PBXBuildFile section */

/* Begin PBXContainerItemProxy section */
		1A8F83A822E81E2100874FD0 /* PBXContainerItemProxy */ = {
			isa = PBXContainerItemProxy;
			containerPortal = 1A8F838B22E81E2000874FD0 /* Project object */;
			proxyType = 1;
			remoteGlobalIDString = 1A8F839222E81E2000874FD0;
			remoteInfo = "carfax-james";
		};
/* End PBXContainerItemProxy section */

/* Begin PBXFileReference section */
		1A8F839322E81E2000874FD0 /* carfax-james.app */ = {isa = PBXFileReference; explicitFileType = wrapper.application; includeInIndex = 0; path = "carfax-james.app"; sourceTree = BUILT_PRODUCTS_DIR; };
		1A8F839622E81E2000874FD0 /* AppDelegate.swift */ = {isa = PBXFileReference; lastKnownFileType = sourcecode.swift; path = AppDelegate.swift; sourceTree = "<group>"; };
		1A8F839822E81E2000874FD0 /* ViewController.swift */ = {isa = PBXFileReference; lastKnownFileType = sourcecode.swift; path = ViewController.swift; sourceTree = "<group>"; };
		1A8F839B22E81E2000874FD0 /* Base */ = {isa = PBXFileReference; lastKnownFileType = file.storyboard; name = Base; path = Base.lproj/Main.storyboard; sourceTree = "<group>"; };
		1A8F839D22E81E2000874FD0 /* Assets.xcassets */ = {isa = PBXFileReference; lastKnownFileType = folder.assetcatalog; path = Assets.xcassets; sourceTree = "<group>"; };
		1A8F83A022E81E2000874FD0 /* Base */ = {isa = PBXFileReference; lastKnownFileType = file.storyboard; name = Base; path = Base.lproj/LaunchScreen.storyboard; sourceTree = "<group>"; };
		1A8F83A222E81E2000874FD0 /* Info.plist */ = {isa = PBXFileReference; lastKnownFileType = text.plist.xml; path = Info.plist; sourceTree = "<group>"; };
		1A8F83A722E81E2100874FD0 /* carfax-jamesTests.xctest */ = {isa = PBXFileReference; explicitFileType = wrapper.cfbundle; includeInIndex = 0; path = "carfax-jamesTests.xctest"; sourceTree = BUILT_PRODUCTS_DIR; };
		1A8F83AB22E81E2100874FD0 /* carfax_jamesTests.swift */ = {isa = PBXFileReference; lastKnownFileType = sourcecode.swift; path = carfax_jamesTests.swift; sourceTree = "<group>"; };
		1A8F83AD22E81E2100874FD0 /* Info.plist */ = {isa = PBXFileReference; lastKnownFileType = text.plist.xml; path = Info.plist; sourceTree = "<group>"; };
		1A8F83B822E8206C00874FD0 /* ErrorResponse.swift */ = {isa = PBXFileReference; fileEncoding = 4; lastKnownFileType = sourcecode.swift; path = ErrorResponse.swift; sourceTree = "<group>"; };
		1A8F83B922E8206C00874FD0 /* Endpoints.swift */ = {isa = PBXFileReference; fileEncoding = 4; lastKnownFileType = sourcecode.swift; path = Endpoints.swift; sourceTree = "<group>"; };
		1A8F83BA22E8206C00874FD0 /* ServerAPI.swift */ = {isa = PBXFileReference; fileEncoding = 4; lastKnownFileType = sourcecode.swift; path = ServerAPI.swift; sourceTree = "<group>"; };
		1A8F83BB22E8206C00874FD0 /* AppService.swift */ = {isa = PBXFileReference; fileEncoding = 4; lastKnownFileType = sourcecode.swift; path = AppService.swift; sourceTree = "<group>"; };
		1A8F83BC22E8206C00874FD0 /* ServerResponse.swift */ = {isa = PBXFileReference; fileEncoding = 4; lastKnownFileType = sourcecode.swift; path = ServerResponse.swift; sourceTree = "<group>"; };
		1A8F83BD22E8206C00874FD0 /* URLSession.swift */ = {isa = PBXFileReference; fileEncoding = 4; lastKnownFileType = sourcecode.swift; path = URLSession.swift; sourceTree = "<group>"; };
		1AF9A8AA22E8228F009B24C7 /* NullResponse.swift */ = {isa = PBXFileReference; lastKnownFileType = sourcecode.swift; path = NullResponse.swift; sourceTree = "<group>"; };
		1AF9A8AD22E8234B009B24C7 /* JSONDecoding.swift */ = {isa = PBXFileReference; fileEncoding = 4; lastKnownFileType = sourcecode.swift; path = JSONDecoding.swift; sourceTree = "<group>"; };
		1AF9A8B222E823BB009B24C7 /* Dictionary.swift */ = {isa = PBXFileReference; lastKnownFileType = sourcecode.swift; path = Dictionary.swift; sourceTree = "<group>"; };
		1AF9A8B422E825D4009B24C7 /* ListingsInformationResponse.swift */ = {isa = PBXFileReference; lastKnownFileType = sourcecode.swift; path = ListingsInformationResponse.swift; sourceTree = "<group>"; };
		1AF9A8B622E8264B009B24C7 /* ListingResponse.swift */ = {isa = PBXFileReference; lastKnownFileType = sourcecode.swift; path = ListingResponse.swift; sourceTree = "<group>"; };
		1AF9A8B822E82828009B24C7 /* ImagesResponse.swift */ = {isa = PBXFileReference; lastKnownFileType = sourcecode.swift; path = ImagesResponse.swift; sourceTree = "<group>"; };
		1AF9A8BA22E829C6009B24C7 /* DealerResponse.swift */ = {isa = PBXFileReference; lastKnownFileType = sourcecode.swift; path = DealerResponse.swift; sourceTree = "<group>"; };
		1AF9A8C022E82AFA009B24C7 /* ListingObjectStore.swift */ = {isa = PBXFileReference; lastKnownFileType = sourcecode.swift; path = ListingObjectStore.swift; sourceTree = "<group>"; };
		1AF9A8C222E82B2D009B24C7 /* ListingInformation.swift */ = {isa = PBXFileReference; lastKnownFileType = sourcecode.swift; path = ListingInformation.swift; sourceTree = "<group>"; };
		1AF9A8C422E82B34009B24C7 /* Listing.swift */ = {isa = PBXFileReference; lastKnownFileType = sourcecode.swift; path = Listing.swift; sourceTree = "<group>"; };
		1AF9A8C622E82B42009B24C7 /* Images.swift */ = {isa = PBXFileReference; lastKnownFileType = sourcecode.swift; path = Images.swift; sourceTree = "<group>"; };
		1AF9A8C822E82B4E009B24C7 /* Dealer.swift */ = {isa = PBXFileReference; lastKnownFileType = sourcecode.swift; path = Dealer.swift; sourceTree = "<group>"; };
		1AF9A8CB22E8303E009B24C7 /* ListingDataSource.swift */ = {isa = PBXFileReference; lastKnownFileType = sourcecode.swift; path = ListingDataSource.swift; sourceTree = "<group>"; };
		1AF9A8CD22E83319009B24C7 /* CurrentEnvironment.swift */ = {isa = PBXFileReference; lastKnownFileType = sourcecode.swift; path = CurrentEnvironment.swift; sourceTree = "<group>"; };
		1AF9A8CF22E83359009B24C7 /* AppEnvironment.swift */ = {isa = PBXFileReference; lastKnownFileType = sourcecode.swift; path = AppEnvironment.swift; sourceTree = "<group>"; };
		1AF9A8D122E83383009B24C7 /* EnvironmentSecrets.swift */ = {isa = PBXFileReference; lastKnownFileType = sourcecode.swift; path = EnvironmentSecrets.swift; sourceTree = "<group>"; };
		1AF9A8D922E8B50E009B24C7 /* UIColor+Utilities.swift */ = {isa = PBXFileReference; lastKnownFileType = sourcecode.swift; path = "UIColor+Utilities.swift"; sourceTree = "<group>"; };
		1AF9A8DD22E8B5C0009B24C7 /* UIColor+Carfax.swift */ = {isa = PBXFileReference; lastKnownFileType = sourcecode.swift; path = "UIColor+Carfax.swift"; sourceTree = "<group>"; };
		1AF9A8F222E8D035009B24C7 /* CarfaxAnimatableImageView.swift */ = {isa = PBXFileReference; lastKnownFileType = sourcecode.swift; path = CarfaxAnimatableImageView.swift; sourceTree = "<group>"; };
		1AF9A8F622E8D9B2009B24C7 /* Assets.xcassets */ = {isa = PBXFileReference; lastKnownFileType = folder.assetcatalog; path = Assets.xcassets; sourceTree = "<group>"; };
		1AF9A8F922E8DB87009B24C7 /* UIImage+Icons.swift */ = {isa = PBXFileReference; fileEncoding = 4; lastKnownFileType = sourcecode.swift; path = "UIImage+Icons.swift"; sourceTree = "<group>"; };
		7A6CE2F5FEE6084548BCE008 /* Pods-carfax-james.release.xcconfig */ = {isa = PBXFileReference; includeInIndex = 1; lastKnownFileType = text.xcconfig; name = "Pods-carfax-james.release.xcconfig"; path = "Target Support Files/Pods-carfax-james/Pods-carfax-james.release.xcconfig"; sourceTree = "<group>"; };
		BDD404D228B306F9F140E4C7 /* Pods-carfax-james.debug.xcconfig */ = {isa = PBXFileReference; includeInIndex = 1; lastKnownFileType = text.xcconfig; name = "Pods-carfax-james.debug.xcconfig"; path = "Target Support Files/Pods-carfax-james/Pods-carfax-james.debug.xcconfig"; sourceTree = "<group>"; };
		F4491A5F88B44D6FEDA674AF /* Pods_carfax_james.framework */ = {isa = PBXFileReference; explicitFileType = wrapper.framework; includeInIndex = 0; path = Pods_carfax_james.framework; sourceTree = BUILT_PRODUCTS_DIR; };
/* End PBXFileReference section */

/* Begin PBXFrameworksBuildPhase section */
		1A8F839022E81E2000874FD0 /* Frameworks */ = {
			isa = PBXFrameworksBuildPhase;
			buildActionMask = 2147483647;
			files = (
				BAB9F1FB88917FC89C77B9C0 /* Pods_carfax_james.framework in Frameworks */,
			);
			runOnlyForDeploymentPostprocessing = 0;
		};
		1A8F83A422E81E2100874FD0 /* Frameworks */ = {
			isa = PBXFrameworksBuildPhase;
			buildActionMask = 2147483647;
			files = (
			);
			runOnlyForDeploymentPostprocessing = 0;
		};
/* End PBXFrameworksBuildPhase section */

/* Begin PBXGroup section */
		1A8F838A22E81E2000874FD0 = {
			isa = PBXGroup;
			children = (
				1A8F839522E81E2000874FD0 /* carfax-james */,
				1A8F83B622E8204B00874FD0 /* CarfaxFrameworks */,
				1A8F83AA22E81E2100874FD0 /* carfax-jamesTests */,
				1A8F839422E81E2000874FD0 /* Products */,
				3DDAB50094904CB01FE3FD17 /* Pods */,
				C05682A5D89ECF489E2164C6 /* Frameworks */,
			);
			sourceTree = "<group>";
		};
		1A8F839422E81E2000874FD0 /* Products */ = {
			isa = PBXGroup;
			children = (
				1A8F839322E81E2000874FD0 /* carfax-james.app */,
				1A8F83A722E81E2100874FD0 /* carfax-jamesTests.xctest */,
			);
			name = Products;
			sourceTree = "<group>";
		};
		1A8F839522E81E2000874FD0 /* carfax-james */ = {
			isa = PBXGroup;
			children = (
				1A8F839622E81E2000874FD0 /* AppDelegate.swift */,
				1A8F839822E81E2000874FD0 /* ViewController.swift */,
				1A8F839A22E81E2000874FD0 /* Main.storyboard */,
				1A8F839D22E81E2000874FD0 /* Assets.xcassets */,
				1A8F839F22E81E2000874FD0 /* LaunchScreen.storyboard */,
				1A8F83A222E81E2000874FD0 /* Info.plist */,
				1AF9A8CD22E83319009B24C7 /* CurrentEnvironment.swift */,
			);
			path = "carfax-james";
			sourceTree = "<group>";
		};
		1A8F83AA22E81E2100874FD0 /* carfax-jamesTests */ = {
			isa = PBXGroup;
			children = (
				1A8F83AB22E81E2100874FD0 /* carfax_jamesTests.swift */,
				1A8F83AD22E81E2100874FD0 /* Info.plist */,
			);
			path = "carfax-jamesTests";
			sourceTree = "<group>";
		};
		1A8F83B622E8204B00874FD0 /* CarfaxFrameworks */ = {
			isa = PBXGroup;
			children = (
				1AF9A8D322E8AB44009B24C7 /* CarfaxUI */,
				1AF9A8CA22E83027009B24C7 /* DataSources */,
				1AF9A8BF22E82AE2009B24C7 /* CarfaxClientModels */,
				1AF9A8BE22E82ACF009B24C7 /* CarfaxObjectStore */,
				1AF9A8AC22E82339009B24C7 /* CarfaxCore */,
				1A8F83B722E8205C00874FD0 /* CarfaxAPI */,
			);
			path = CarfaxFrameworks;
			sourceTree = "<group>";
		};
		1A8F83B722E8205C00874FD0 /* CarfaxAPI */ = {
			isa = PBXGroup;
			children = (
				1A8F83BB22E8206C00874FD0 /* AppService.swift */,
				1A8F83B922E8206C00874FD0 /* Endpoints.swift */,
				1A8F83B822E8206C00874FD0 /* ErrorResponse.swift */,
				1A8F83BA22E8206C00874FD0 /* ServerAPI.swift */,
				1A8F83BC22E8206C00874FD0 /* ServerResponse.swift */,
				1A8F83BD22E8206C00874FD0 /* URLSession.swift */,
				1AF9A8A922E82282009B24C7 /* ResponseModels */,
			);
			path = CarfaxAPI;
			sourceTree = "<group>";
		};
		1AF9A8A922E82282009B24C7 /* ResponseModels */ = {
			isa = PBXGroup;
			children = (
				1AF9A8AA22E8228F009B24C7 /* NullResponse.swift */,
				1AF9A8B422E825D4009B24C7 /* ListingsInformationResponse.swift */,
				1AF9A8B622E8264B009B24C7 /* ListingResponse.swift */,
				1AF9A8B822E82828009B24C7 /* ImagesResponse.swift */,
				1AF9A8BA22E829C6009B24C7 /* DealerResponse.swift */,
			);
			path = ResponseModels;
			sourceTree = "<group>";
		};
		1AF9A8AC22E82339009B24C7 /* CarfaxCore */ = {
			isa = PBXGroup;
			children = (
				1AF9A8AD22E8234B009B24C7 /* JSONDecoding.swift */,
				1AF9A8CF22E83359009B24C7 /* AppEnvironment.swift */,
				1AF9A8D122E83383009B24C7 /* EnvironmentSecrets.swift */,
				1AF9A8AF22E8238E009B24C7 /* Extensions */,
			);
			path = CarfaxCore;
			sourceTree = "<group>";
		};
		1AF9A8AF22E8238E009B24C7 /* Extensions */ = {
			isa = PBXGroup;
			children = (
				1AF9A8B222E823BB009B24C7 /* Dictionary.swift */,
			);
			path = Extensions;
			sourceTree = "<group>";
		};
		1AF9A8BE22E82ACF009B24C7 /* CarfaxObjectStore */ = {
			isa = PBXGroup;
			children = (
				1AF9A8C022E82AFA009B24C7 /* ListingObjectStore.swift */,
			);
			path = CarfaxObjectStore;
			sourceTree = "<group>";
		};
		1AF9A8BF22E82AE2009B24C7 /* CarfaxClientModels */ = {
			isa = PBXGroup;
			children = (
				1AF9A8C222E82B2D009B24C7 /* ListingInformation.swift */,
				1AF9A8C422E82B34009B24C7 /* Listing.swift */,
				1AF9A8C622E82B42009B24C7 /* Images.swift */,
				1AF9A8C822E82B4E009B24C7 /* Dealer.swift */,
			);
			path = CarfaxClientModels;
			sourceTree = "<group>";
		};
		1AF9A8CA22E83027009B24C7 /* DataSources */ = {
			isa = PBXGroup;
			children = (
				1AF9A8CB22E8303E009B24C7 /* ListingDataSource.swift */,
			);
			path = DataSources;
			sourceTree = "<group>";
		};
		1AF9A8D322E8AB44009B24C7 /* CarfaxUI */ = {
			isa = PBXGroup;
			children = (
				1AF9A8F822E8DB61009B24C7 /* Sources */,
				1AF9A8F622E8D9B2009B24C7 /* Assets.xcassets */,
				1AF9A8D822E8B504009B24C7 /* Extensions */,
				1AF9A8F122E8D026009B24C7 /* Views */,
			);
			path = CarfaxUI;
			sourceTree = "<group>";
		};
		1AF9A8D822E8B504009B24C7 /* Extensions */ = {
			isa = PBXGroup;
			children = (
				1AF9A8D922E8B50E009B24C7 /* UIColor+Utilities.swift */,
				1AF9A8DD22E8B5C0009B24C7 /* UIColor+Carfax.swift */,
			);
			path = Extensions;
			sourceTree = "<group>";
		};
		1AF9A8F122E8D026009B24C7 /* Views */ = {
			isa = PBXGroup;
			children = (
				1AF9A8F222E8D035009B24C7 /* CarfaxAnimatableImageView.swift */,
			);
			path = Views;
			sourceTree = "<group>";
		};
		1AF9A8F822E8DB61009B24C7 /* Sources */ = {
			isa = PBXGroup;
			children = (
				1AF9A8F922E8DB87009B24C7 /* UIImage+Icons.swift */,
			);
			path = Sources;
			sourceTree = "<group>";
		};
		3DDAB50094904CB01FE3FD17 /* Pods */ = {
			isa = PBXGroup;
			children = (
				BDD404D228B306F9F140E4C7 /* Pods-carfax-james.debug.xcconfig */,
				7A6CE2F5FEE6084548BCE008 /* Pods-carfax-james.release.xcconfig */,
			);
			path = Pods;
			sourceTree = "<group>";
		};
		C05682A5D89ECF489E2164C6 /* Frameworks */ = {
			isa = PBXGroup;
			children = (
				F4491A5F88B44D6FEDA674AF /* Pods_carfax_james.framework */,
			);
			name = Frameworks;
			sourceTree = "<group>";
		};
/* End PBXGroup section */

/* Begin PBXNativeTarget section */
		1A8F839222E81E2000874FD0 /* carfax-james */ = {
			isa = PBXNativeTarget;
			buildConfigurationList = 1A8F83B022E81E2100874FD0 /* Build configuration list for PBXNativeTarget "carfax-james" */;
			buildPhases = (
				B60410338B669CAA0FD0E511 /* [CP] Check Pods Manifest.lock */,
				1A8F838F22E81E2000874FD0 /* Sources */,
				1A8F839022E81E2000874FD0 /* Frameworks */,
				1A8F839122E81E2000874FD0 /* Resources */,
				0EA58F4F32DA58ED7B9FA26F /* [CP] Embed Pods Frameworks */,
			);
			buildRules = (
			);
			dependencies = (
			);
			name = "carfax-james";
			productName = "carfax-james";
			productReference = 1A8F839322E81E2000874FD0 /* carfax-james.app */;
			productType = "com.apple.product-type.application";
		};
		1A8F83A622E81E2100874FD0 /* carfax-jamesTests */ = {
			isa = PBXNativeTarget;
			buildConfigurationList = 1A8F83B322E81E2100874FD0 /* Build configuration list for PBXNativeTarget "carfax-jamesTests" */;
			buildPhases = (
				1A8F83A322E81E2100874FD0 /* Sources */,
				1A8F83A422E81E2100874FD0 /* Frameworks */,
				1A8F83A522E81E2100874FD0 /* Resources */,
			);
			buildRules = (
			);
			dependencies = (
				1A8F83A922E81E2100874FD0 /* PBXTargetDependency */,
			);
			name = "carfax-jamesTests";
			productName = "carfax-jamesTests";
			productReference = 1A8F83A722E81E2100874FD0 /* carfax-jamesTests.xctest */;
			productType = "com.apple.product-type.bundle.unit-test";
		};
/* End PBXNativeTarget section */

/* Begin PBXProject section */
		1A8F838B22E81E2000874FD0 /* Project object */ = {
			isa = PBXProject;
			attributes = {
				LastSwiftUpdateCheck = 1010;
				LastUpgradeCheck = 1010;
				ORGANIZATIONNAME = bevtec;
				TargetAttributes = {
					1A8F839222E81E2000874FD0 = {
						CreatedOnToolsVersion = 10.1;
					};
					1A8F83A622E81E2100874FD0 = {
						CreatedOnToolsVersion = 10.1;
						TestTargetID = 1A8F839222E81E2000874FD0;
					};
				};
			};
			buildConfigurationList = 1A8F838E22E81E2000874FD0 /* Build configuration list for PBXProject "carfax-james" */;
			compatibilityVersion = "Xcode 9.3";
			developmentRegion = en;
			hasScannedForEncodings = 0;
			knownRegions = (
				en,
				Base,
			);
			mainGroup = 1A8F838A22E81E2000874FD0;
			productRefGroup = 1A8F839422E81E2000874FD0 /* Products */;
			projectDirPath = "";
			projectRoot = "";
			targets = (
				1A8F839222E81E2000874FD0 /* carfax-james */,
				1A8F83A622E81E2100874FD0 /* carfax-jamesTests */,
			);
		};
/* End PBXProject section */

/* Begin PBXResourcesBuildPhase section */
		1A8F839122E81E2000874FD0 /* Resources */ = {
			isa = PBXResourcesBuildPhase;
			buildActionMask = 2147483647;
			files = (
				1A8F83A122E81E2000874FD0 /* LaunchScreen.storyboard in Resources */,
				1AF9A8F722E8D9B2009B24C7 /* Assets.xcassets in Resources */,
				1A8F839E22E81E2000874FD0 /* Assets.xcassets in Resources */,
				1A8F839C22E81E2000874FD0 /* Main.storyboard in Resources */,
			);
			runOnlyForDeploymentPostprocessing = 0;
		};
		1A8F83A522E81E2100874FD0 /* Resources */ = {
			isa = PBXResourcesBuildPhase;
			buildActionMask = 2147483647;
			files = (
			);
			runOnlyForDeploymentPostprocessing = 0;
		};
/* End PBXResourcesBuildPhase section */

/* Begin PBXShellScriptBuildPhase section */
		0EA58F4F32DA58ED7B9FA26F /* [CP] Embed Pods Frameworks */ = {
			isa = PBXShellScriptBuildPhase;
			buildActionMask = 2147483647;
			files = (
			);
			inputFileListPaths = (
			);
			inputPaths = (
				"${PODS_ROOT}/Target Support Files/Pods-carfax-james/Pods-carfax-james-frameworks.sh",
				"${BUILT_PRODUCTS_DIR}/IGListKit/IGListKit.framework",
				"${BUILT_PRODUCTS_DIR}/ReactiveCocoa/ReactiveCocoa.framework",
				"${BUILT_PRODUCTS_DIR}/ReactiveSwift/ReactiveSwift.framework",
				"${BUILT_PRODUCTS_DIR}/Result/Result.framework",
				"${BUILT_PRODUCTS_DIR}/YYCache/YYCache.framework",
				"${BUILT_PRODUCTS_DIR}/YYImage/YYImage.framework",
				"${BUILT_PRODUCTS_DIR}/YYWebImage/YYWebImage.framework",
			);
			name = "[CP] Embed Pods Frameworks";
			outputFileListPaths = (
			);
			outputPaths = (
				"${TARGET_BUILD_DIR}/${FRAMEWORKS_FOLDER_PATH}/IGListKit.framework",
				"${TARGET_BUILD_DIR}/${FRAMEWORKS_FOLDER_PATH}/ReactiveCocoa.framework",
				"${TARGET_BUILD_DIR}/${FRAMEWORKS_FOLDER_PATH}/ReactiveSwift.framework",
				"${TARGET_BUILD_DIR}/${FRAMEWORKS_FOLDER_PATH}/Result.framework",
				"${TARGET_BUILD_DIR}/${FRAMEWORKS_FOLDER_PATH}/YYCache.framework",
				"${TARGET_BUILD_DIR}/${FRAMEWORKS_FOLDER_PATH}/YYImage.framework",
				"${TARGET_BUILD_DIR}/${FRAMEWORKS_FOLDER_PATH}/YYWebImage.framework",
			);
			runOnlyForDeploymentPostprocessing = 0;
			shellPath = /bin/sh;
			shellScript = "\"${PODS_ROOT}/Target Support Files/Pods-carfax-james/Pods-carfax-james-frameworks.sh\"\n";
			showEnvVarsInLog = 0;
		};
		B60410338B669CAA0FD0E511 /* [CP] Check Pods Manifest.lock */ = {
			isa = PBXShellScriptBuildPhase;
			buildActionMask = 2147483647;
			files = (
			);
			inputFileListPaths = (
			);
			inputPaths = (
				"${PODS_PODFILE_DIR_PATH}/Podfile.lock",
				"${PODS_ROOT}/Manifest.lock",
			);
			name = "[CP] Check Pods Manifest.lock";
			outputFileListPaths = (
			);
			outputPaths = (
				"$(DERIVED_FILE_DIR)/Pods-carfax-james-checkManifestLockResult.txt",
			);
			runOnlyForDeploymentPostprocessing = 0;
			shellPath = /bin/sh;
			shellScript = "diff \"${PODS_PODFILE_DIR_PATH}/Podfile.lock\" \"${PODS_ROOT}/Manifest.lock\" > /dev/null\nif [ $? != 0 ] ; then\n    # print error to STDERR\n    echo \"error: The sandbox is not in sync with the Podfile.lock. Run 'pod install' or update your CocoaPods installation.\" >&2\n    exit 1\nfi\n# This output is used by Xcode 'outputs' to avoid re-running this script phase.\necho \"SUCCESS\" > \"${SCRIPT_OUTPUT_FILE_0}\"\n";
			showEnvVarsInLog = 0;
		};
/* End PBXShellScriptBuildPhase section */

/* Begin PBXSourcesBuildPhase section */
		1A8F838F22E81E2000874FD0 /* Sources */ = {
			isa = PBXSourcesBuildPhase;
			buildActionMask = 2147483647;
			files = (
				1A8F83BE22E8206C00874FD0 /* ErrorResponse.swift in Sources */,
				1AF9A8CC22E8303E009B24C7 /* ListingDataSource.swift in Sources */,
				1AF9A8C122E82AFA009B24C7 /* ListingObjectStore.swift in Sources */,
				1AF9A8D022E83359009B24C7 /* AppEnvironment.swift in Sources */,
				1AF9A8DE22E8B5C0009B24C7 /* UIColor+Carfax.swift in Sources */,
				1AF9A8BB22E829C6009B24C7 /* DealerResponse.swift in Sources */,
				1AF9A8F322E8D035009B24C7 /* CarfaxAnimatableImageView.swift in Sources */,
				1AF9A8B722E8264B009B24C7 /* ListingResponse.swift in Sources */,
				1A8F83C122E8206C00874FD0 /* AppService.swift in Sources */,
				1AF9A8C322E82B2D009B24C7 /* ListingInformation.swift in Sources */,
				1A8F83C322E8206C00874FD0 /* URLSession.swift in Sources */,
				1A8F839922E81E2000874FD0 /* ViewController.swift in Sources */,
				1AF9A8C922E82B4E009B24C7 /* Dealer.swift in Sources */,
				1AF9A8B322E823BB009B24C7 /* Dictionary.swift in Sources */,
				1AF9A8DA22E8B50E009B24C7 /* UIColor+Utilities.swift in Sources */,
				1A8F83C022E8206C00874FD0 /* ServerAPI.swift in Sources */,
				1AF9A8C522E82B34009B24C7 /* Listing.swift in Sources */,
				1AF9A8C722E82B42009B24C7 /* Images.swift in Sources */,
				1AF9A8B522E825D4009B24C7 /* ListingsInformationResponse.swift in Sources */,
				1AF9A8CE22E83319009B24C7 /* CurrentEnvironment.swift in Sources */,
				1AF9A8D222E83383009B24C7 /* EnvironmentSecrets.swift in Sources */,
				1A8F83C222E8206C00874FD0 /* ServerResponse.swift in Sources */,
				1AF9A8FA22E8DB87009B24C7 /* UIImage+Icons.swift in Sources */,
				1A8F83BF22E8206C00874FD0 /* Endpoints.swift in Sources */,
				1AF9A8B922E82828009B24C7 /* ImagesResponse.swift in Sources */,
				1AF9A8AB22E8228F009B24C7 /* NullResponse.swift in Sources */,
				1AF9A8AE22E8234B009B24C7 /* JSONDecoding.swift in Sources */,
				1A8F839722E81E2000874FD0 /* AppDelegate.swift in Sources */,
			);
			runOnlyForDeploymentPostprocessing = 0;
		};
		1A8F83A322E81E2100874FD0 /* Sources */ = {
			isa = PBXSourcesBuildPhase;
			buildActionMask = 2147483647;
			files = (
				1A8F83AC22E81E2100874FD0 /* carfax_jamesTests.swift in Sources */,
			);
			runOnlyForDeploymentPostprocessing = 0;
		};
/* End PBXSourcesBuildPhase section */

/* Begin PBXTargetDependency section */
		1A8F83A922E81E2100874FD0 /* PBXTargetDependency */ = {
			isa = PBXTargetDependency;
			target = 1A8F839222E81E2000874FD0 /* carfax-james */;
			targetProxy = 1A8F83A822E81E2100874FD0 /* PBXContainerItemProxy */;
		};
/* End PBXTargetDependency section */

/* Begin PBXVariantGroup section */
		1A8F839A22E81E2000874FD0 /* Main.storyboard */ = {
			isa = PBXVariantGroup;
			children = (
				1A8F839B22E81E2000874FD0 /* Base */,
			);
			name = Main.storyboard;
			sourceTree = "<group>";
		};
		1A8F839F22E81E2000874FD0 /* LaunchScreen.storyboard */ = {
			isa = PBXVariantGroup;
			children = (
				1A8F83A022E81E2000874FD0 /* Base */,
			);
			name = LaunchScreen.storyboard;
			sourceTree = "<group>";
		};
/* End PBXVariantGroup section */

/* Begin XCBuildConfiguration section */
		1A8F83AE22E81E2100874FD0 /* Debug */ = {
			isa = XCBuildConfiguration;
			buildSettings = {
				ALWAYS_SEARCH_USER_PATHS = NO;
				CLANG_ANALYZER_NONNULL = YES;
				CLANG_ANALYZER_NUMBER_OBJECT_CONVERSION = YES_AGGRESSIVE;
				CLANG_CXX_LANGUAGE_STANDARD = "gnu++14";
				CLANG_CXX_LIBRARY = "libc++";
				CLANG_ENABLE_MODULES = YES;
				CLANG_ENABLE_OBJC_ARC = YES;
				CLANG_ENABLE_OBJC_WEAK = YES;
				CLANG_WARN_BLOCK_CAPTURE_AUTORELEASING = YES;
				CLANG_WARN_BOOL_CONVERSION = YES;
				CLANG_WARN_COMMA = YES;
				CLANG_WARN_CONSTANT_CONVERSION = YES;
				CLANG_WARN_DEPRECATED_OBJC_IMPLEMENTATIONS = YES;
				CLANG_WARN_DIRECT_OBJC_ISA_USAGE = YES_ERROR;
				CLANG_WARN_DOCUMENTATION_COMMENTS = YES;
				CLANG_WARN_EMPTY_BODY = YES;
				CLANG_WARN_ENUM_CONVERSION = YES;
				CLANG_WARN_INFINITE_RECURSION = YES;
				CLANG_WARN_INT_CONVERSION = YES;
				CLANG_WARN_NON_LITERAL_NULL_CONVERSION = YES;
				CLANG_WARN_OBJC_IMPLICIT_RETAIN_SELF = YES;
				CLANG_WARN_OBJC_LITERAL_CONVERSION = YES;
				CLANG_WARN_OBJC_ROOT_CLASS = YES_ERROR;
				CLANG_WARN_RANGE_LOOP_ANALYSIS = YES;
				CLANG_WARN_STRICT_PROTOTYPES = YES;
				CLANG_WARN_SUSPICIOUS_MOVE = YES;
				CLANG_WARN_UNGUARDED_AVAILABILITY = YES_AGGRESSIVE;
				CLANG_WARN_UNREACHABLE_CODE = YES;
				CLANG_WARN__DUPLICATE_METHOD_MATCH = YES;
				CODE_SIGN_IDENTITY = "iPhone Developer";
				COPY_PHASE_STRIP = NO;
				DEBUG_INFORMATION_FORMAT = dwarf;
				ENABLE_STRICT_OBJC_MSGSEND = YES;
				ENABLE_TESTABILITY = YES;
				GCC_C_LANGUAGE_STANDARD = gnu11;
				GCC_DYNAMIC_NO_PIC = NO;
				GCC_NO_COMMON_BLOCKS = YES;
				GCC_OPTIMIZATION_LEVEL = 0;
				GCC_PREPROCESSOR_DEFINITIONS = (
					"DEBUG=1",
					"$(inherited)",
				);
				GCC_WARN_64_TO_32_BIT_CONVERSION = YES;
				GCC_WARN_ABOUT_RETURN_TYPE = YES_ERROR;
				GCC_WARN_UNDECLARED_SELECTOR = YES;
				GCC_WARN_UNINITIALIZED_AUTOS = YES_AGGRESSIVE;
				GCC_WARN_UNUSED_FUNCTION = YES;
				GCC_WARN_UNUSED_VARIABLE = YES;
				IPHONEOS_DEPLOYMENT_TARGET = 12.1;
				MTL_ENABLE_DEBUG_INFO = INCLUDE_SOURCE;
				MTL_FAST_MATH = YES;
				ONLY_ACTIVE_ARCH = YES;
				SDKROOT = iphoneos;
				SWIFT_ACTIVE_COMPILATION_CONDITIONS = DEBUG;
				SWIFT_OPTIMIZATION_LEVEL = "-Onone";
			};
			name = Debug;
		};
		1A8F83AF22E81E2100874FD0 /* Release */ = {
			isa = XCBuildConfiguration;
			buildSettings = {
				ALWAYS_SEARCH_USER_PATHS = NO;
				CLANG_ANALYZER_NONNULL = YES;
				CLANG_ANALYZER_NUMBER_OBJECT_CONVERSION = YES_AGGRESSIVE;
				CLANG_CXX_LANGUAGE_STANDARD = "gnu++14";
				CLANG_CXX_LIBRARY = "libc++";
				CLANG_ENABLE_MODULES = YES;
				CLANG_ENABLE_OBJC_ARC = YES;
				CLANG_ENABLE_OBJC_WEAK = YES;
				CLANG_WARN_BLOCK_CAPTURE_AUTORELEASING = YES;
				CLANG_WARN_BOOL_CONVERSION = YES;
				CLANG_WARN_COMMA = YES;
				CLANG_WARN_CONSTANT_CONVERSION = YES;
				CLANG_WARN_DEPRECATED_OBJC_IMPLEMENTATIONS = YES;
				CLANG_WARN_DIRECT_OBJC_ISA_USAGE = YES_ERROR;
				CLANG_WARN_DOCUMENTATION_COMMENTS = YES;
				CLANG_WARN_EMPTY_BODY = YES;
				CLANG_WARN_ENUM_CONVERSION = YES;
				CLANG_WARN_INFINITE_RECURSION = YES;
				CLANG_WARN_INT_CONVERSION = YES;
				CLANG_WARN_NON_LITERAL_NULL_CONVERSION = YES;
				CLANG_WARN_OBJC_IMPLICIT_RETAIN_SELF = YES;
				CLANG_WARN_OBJC_LITERAL_CONVERSION = YES;
				CLANG_WARN_OBJC_ROOT_CLASS = YES_ERROR;
				CLANG_WARN_RANGE_LOOP_ANALYSIS = YES;
				CLANG_WARN_STRICT_PROTOTYPES = YES;
				CLANG_WARN_SUSPICIOUS_MOVE = YES;
				CLANG_WARN_UNGUARDED_AVAILABILITY = YES_AGGRESSIVE;
				CLANG_WARN_UNREACHABLE_CODE = YES;
				CLANG_WARN__DUPLICATE_METHOD_MATCH = YES;
				CODE_SIGN_IDENTITY = "iPhone Developer";
				COPY_PHASE_STRIP = NO;
				DEBUG_INFORMATION_FORMAT = "dwarf-with-dsym";
				ENABLE_NS_ASSERTIONS = NO;
				ENABLE_STRICT_OBJC_MSGSEND = YES;
				GCC_C_LANGUAGE_STANDARD = gnu11;
				GCC_NO_COMMON_BLOCKS = YES;
				GCC_WARN_64_TO_32_BIT_CONVERSION = YES;
				GCC_WARN_ABOUT_RETURN_TYPE = YES_ERROR;
				GCC_WARN_UNDECLARED_SELECTOR = YES;
				GCC_WARN_UNINITIALIZED_AUTOS = YES_AGGRESSIVE;
				GCC_WARN_UNUSED_FUNCTION = YES;
				GCC_WARN_UNUSED_VARIABLE = YES;
				IPHONEOS_DEPLOYMENT_TARGET = 12.1;
				MTL_ENABLE_DEBUG_INFO = NO;
				MTL_FAST_MATH = YES;
				SDKROOT = iphoneos;
				SWIFT_COMPILATION_MODE = wholemodule;
				SWIFT_OPTIMIZATION_LEVEL = "-O";
				VALIDATE_PRODUCT = YES;
			};
			name = Release;
		};
		1A8F83B122E81E2100874FD0 /* Debug */ = {
			isa = XCBuildConfiguration;
			baseConfigurationReference = BDD404D228B306F9F140E4C7 /* Pods-carfax-james.debug.xcconfig */;
			buildSettings = {
				ASSETCATALOG_COMPILER_APPICON_NAME = AppIcon;
				CODE_SIGN_STYLE = Automatic;
				DEVELOPMENT_TEAM = 4GY5S75A66;
				INFOPLIST_FILE = "carfax-james/Info.plist";
				IPHONEOS_DEPLOYMENT_TARGET = 11.0;
				LD_RUNPATH_SEARCH_PATHS = (
					"$(inherited)",
					"@executable_path/Frameworks",
				);
				PRODUCT_BUNDLE_IDENTIFIER = "com.bevtec.carfax.carfax-james";
				PRODUCT_NAME = "$(TARGET_NAME)";
				SWIFT_VERSION = 4.2;
				TARGETED_DEVICE_FAMILY = 1;
			};
			name = Debug;
		};
		1A8F83B222E81E2100874FD0 /* Release */ = {
			isa = XCBuildConfiguration;
			baseConfigurationReference = 7A6CE2F5FEE6084548BCE008 /* Pods-carfax-james.release.xcconfig */;
			buildSettings = {
				ASSETCATALOG_COMPILER_APPICON_NAME = AppIcon;
				CODE_SIGN_STYLE = Automatic;
				DEVELOPMENT_TEAM = 4GY5S75A66;
				INFOPLIST_FILE = "carfax-james/Info.plist";
				IPHONEOS_DEPLOYMENT_TARGET = 11.0;
				LD_RUNPATH_SEARCH_PATHS = (
					"$(inherited)",
					"@executable_path/Frameworks",
				);
				PRODUCT_BUNDLE_IDENTIFIER = "com.bevtec.carfax.carfax-james";
				PRODUCT_NAME = "$(TARGET_NAME)";
				SWIFT_VERSION = 4.2;
				TARGETED_DEVICE_FAMILY = 1;
			};
			name = Release;
		};
		1A8F83B422E81E2100874FD0 /* Debug */ = {
			isa = XCBuildConfiguration;
			buildSettings = {
				ALWAYS_EMBED_SWIFT_STANDARD_LIBRARIES = YES;
				BUNDLE_LOADER = "$(TEST_HOST)";
				CODE_SIGN_STYLE = Automatic;
				DEVELOPMENT_TEAM = 4GY5S75A66;
				INFOPLIST_FILE = "carfax-jamesTests/Info.plist";
				LD_RUNPATH_SEARCH_PATHS = (
					"$(inherited)",
					"@executable_path/Frameworks",
					"@loader_path/Frameworks",
				);
				PRODUCT_BUNDLE_IDENTIFIER = "com.bevtec.carfax.carfax-jamesTests";
				PRODUCT_NAME = "$(TARGET_NAME)";
				SWIFT_VERSION = 4.2;
				TARGETED_DEVICE_FAMILY = "1,2";
				TEST_HOST = "$(BUILT_PRODUCTS_DIR)/carfax-james.app/carfax-james";
			};
			name = Debug;
		};
		1A8F83B522E81E2100874FD0 /* Release */ = {
			isa = XCBuildConfiguration;
			buildSettings = {
				ALWAYS_EMBED_SWIFT_STANDARD_LIBRARIES = YES;
				BUNDLE_LOADER = "$(TEST_HOST)";
				CODE_SIGN_STYLE = Automatic;
				DEVELOPMENT_TEAM = 4GY5S75A66;
				INFOPLIST_FILE = "carfax-jamesTests/Info.plist";
				LD_RUNPATH_SEARCH_PATHS = (
					"$(inherited)",
					"@executable_path/Frameworks",
					"@loader_path/Frameworks",
				);
				PRODUCT_BUNDLE_IDENTIFIER = "com.bevtec.carfax.carfax-jamesTests";
				PRODUCT_NAME = "$(TARGET_NAME)";
				SWIFT_VERSION = 4.2;
				TARGETED_DEVICE_FAMILY = "1,2";
				TEST_HOST = "$(BUILT_PRODUCTS_DIR)/carfax-james.app/carfax-james";
			};
			name = Release;
		};
/* End XCBuildConfiguration section */

/* Begin XCConfigurationList section */
		1A8F838E22E81E2000874FD0 /* Build configuration list for PBXProject "carfax-james" */ = {
			isa = XCConfigurationList;
			buildConfigurations = (
				1A8F83AE22E81E2100874FD0 /* Debug */,
				1A8F83AF22E81E2100874FD0 /* Release */,
			);
			defaultConfigurationIsVisible = 0;
			defaultConfigurationName = Release;
		};
		1A8F83B022E81E2100874FD0 /* Build configuration list for PBXNativeTarget "carfax-james" */ = {
			isa = XCConfigurationList;
			buildConfigurations = (
				1A8F83B122E81E2100874FD0 /* Debug */,
				1A8F83B222E81E2100874FD0 /* Release */,
			);
			defaultConfigurationIsVisible = 0;
			defaultConfigurationName = Release;
		};
		1A8F83B322E81E2100874FD0 /* Build configuration list for PBXNativeTarget "carfax-jamesTests" */ = {
			isa = XCConfigurationList;
			buildConfigurations = (
				1A8F83B422E81E2100874FD0 /* Debug */,
				1A8F83B522E81E2100874FD0 /* Release */,
			);
			defaultConfigurationIsVisible = 0;
			defaultConfigurationName = Release;
		};
/* End XCConfigurationList section */
	};
	rootObject = 1A8F838B22E81E2000874FD0 /* Project object */;
}
